
Microsoft Visual Studio Solution File, Format Version 12.00
# Visual Studio 15
VisualStudioVersion = 15.0.28307.1300
MinimumVisualStudioVersion = 10.0.40219.1
Project("{FAE04EC0-301F-11D3-BF4B-00C04F79EFBC}") = "ödev2Uygulama6", "ödev2Uygulama6\ödev2Uygulama6.csproj", "{D60E4DD3-A5D2-407C-A41F-098180B7354A}"
EndProject
Global
	GlobalSection(SolutionConfigurationPlatforms) = preSolution
		Debug|Any CPU = Debug|Any CPU
		Release|Any CPU = Release|Any CPU
	EndGlobalSection
	GlobalSection(ProjectConfigurationPlatforms) = postSolution
		{D60E4DD3-A5D2-407C-A41F-098180B7354A}.Debug|Any CPU.ActiveCfg = Debug|Any CPU
		{D60E4DD3-A5D2-407C-A41F-098180B7354A}.Debug|Any CPU.Build.0 = Debug|Any CPU
		{D60E4DD3-A5D2-407C-A41F-098180B7354A}.Release|Any CPU.ActiveCfg = Release|Any CPU
		{D60E4DD3-A5D2-407C-A41F-098180B7354A}.Release|Any CPU.Build.0 = Release|Any CPU
	EndGlobalSection
	GlobalSection(SolutionProperties) = preSolution
		HideSolutionNode = FALSE
	EndGlobalSection
	GlobalSection(ExtensibilityGlobals) = postSolution
		SolutionGuid = {FB4728EF-9925-4EF9-8CBF-4415536BF07A}
	EndGlobalSection
EndGlobal
