
Microsoft Visual Studio Solution File, Format Version 12.00
# Visual Studio 15
VisualStudioVersion = 15.0.28307.1300
MinimumVisualStudioVersion = 10.0.40219.1
Project("{FAE04EC0-301F-11D3-BF4B-00C04F79EFBC}") = "Ödev4Uygulama3", "Ödev4Uygulama3\Ödev4Uygulama3.csproj", "{C8F062A0-11C4-43E8-8107-02A1597AD91A}"
EndProject
Global
	GlobalSection(SolutionConfigurationPlatforms) = preSolution
		Debug|Any CPU = Debug|Any CPU
		Release|Any CPU = Release|Any CPU
	EndGlobalSection
	GlobalSection(ProjectConfigurationPlatforms) = postSolution
		{C8F062A0-11C4-43E8-8107-02A1597AD91A}.Debug|Any CPU.ActiveCfg = Debug|Any CPU
		{C8F062A0-11C4-43E8-8107-02A1597AD91A}.Debug|Any CPU.Build.0 = Debug|Any CPU
		{C8F062A0-11C4-43E8-8107-02A1597AD91A}.Release|Any CPU.ActiveCfg = Release|Any CPU
		{C8F062A0-11C4-43E8-8107-02A1597AD91A}.Release|Any CPU.Build.0 = Release|Any CPU
	EndGlobalSection
	GlobalSection(SolutionProperties) = preSolution
		HideSolutionNode = FALSE
	EndGlobalSection
	GlobalSection(ExtensibilityGlobals) = postSolution
		SolutionGuid = {95A34630-31C7-4A90-B3D3-B1AF88FDDBBC}
	EndGlobalSection
EndGlobal
