
Microsoft Visual Studio Solution File, Format Version 12.00
# Visual Studio 15
VisualStudioVersion = 15.0.28307.1321
MinimumVisualStudioVersion = 10.0.40219.1
Project("{FAE04EC0-301F-11D3-BF4B-00C04F79EFBC}") = "Foreach", "Foreach\Foreach.csproj", "{10933C52-A585-4B58-ADDB-B19E02E1F1AF}"
EndProject
Global
	GlobalSection(SolutionConfigurationPlatforms) = preSolution
		Debug|Any CPU = Debug|Any CPU
		Release|Any CPU = Release|Any CPU
	EndGlobalSection
	GlobalSection(ProjectConfigurationPlatforms) = postSolution
		{10933C52-A585-4B58-ADDB-B19E02E1F1AF}.Debug|Any CPU.ActiveCfg = Debug|Any CPU
		{10933C52-A585-4B58-ADDB-B19E02E1F1AF}.Debug|Any CPU.Build.0 = Debug|Any CPU
		{10933C52-A585-4B58-ADDB-B19E02E1F1AF}.Release|Any CPU.ActiveCfg = Release|Any CPU
		{10933C52-A585-4B58-ADDB-B19E02E1F1AF}.Release|Any CPU.Build.0 = Release|Any CPU
	EndGlobalSection
	GlobalSection(SolutionProperties) = preSolution
		HideSolutionNode = FALSE
	EndGlobalSection
	GlobalSection(ExtensibilityGlobals) = postSolution
		SolutionGuid = {3FBE4732-5C9C-4027-886D-1494909E4064}
	EndGlobalSection
EndGlobal
