
Microsoft Visual Studio Solution File, Format Version 12.00
# Visual Studio 15
VisualStudioVersion = 15.0.28307.1401
MinimumVisualStudioVersion = 10.0.40219.1
Project("{FAE04EC0-301F-11D3-BF4B-00C04F79EFBC}") = "WindowsFormsApp9", "WindowsFormsApp9\WindowsFormsApp9.csproj", "{2D4E2369-2DF1-41F8-9074-7E033E1F7300}"
EndProject
Global
	GlobalSection(SolutionConfigurationPlatforms) = preSolution
		Debug|Any CPU = Debug|Any CPU
		Release|Any CPU = Release|Any CPU
	EndGlobalSection
	GlobalSection(ProjectConfigurationPlatforms) = postSolution
		{2D4E2369-2DF1-41F8-9074-7E033E1F7300}.Debug|Any CPU.ActiveCfg = Debug|Any CPU
		{2D4E2369-2DF1-41F8-9074-7E033E1F7300}.Debug|Any CPU.Build.0 = Debug|Any CPU
		{2D4E2369-2DF1-41F8-9074-7E033E1F7300}.Release|Any CPU.ActiveCfg = Release|Any CPU
		{2D4E2369-2DF1-41F8-9074-7E033E1F7300}.Release|Any CPU.Build.0 = Release|Any CPU
	EndGlobalSection
	GlobalSection(SolutionProperties) = preSolution
		HideSolutionNode = FALSE
	EndGlobalSection
	GlobalSection(ExtensibilityGlobals) = postSolution
		SolutionGuid = {647575AE-532D-4BCC-92C0-37B774AABBCE}
	EndGlobalSection
EndGlobal
