
Microsoft Visual Studio Solution File, Format Version 12.00
# Visual Studio 15
VisualStudioVersion = 15.0.28307.1300
MinimumVisualStudioVersion = 10.0.40219.1
Project("{FAE04EC0-301F-11D3-BF4B-00C04F79EFBC}") = "Ödev5Uygulama1", "Ödev5Uygulama1\Ödev5Uygulama1.csproj", "{357AA770-593D-489C-A74B-7C6BF5ECF18B}"
EndProject
Global
	GlobalSection(SolutionConfigurationPlatforms) = preSolution
		Debug|Any CPU = Debug|Any CPU
		Release|Any CPU = Release|Any CPU
	EndGlobalSection
	GlobalSection(ProjectConfigurationPlatforms) = postSolution
		{357AA770-593D-489C-A74B-7C6BF5ECF18B}.Debug|Any CPU.ActiveCfg = Debug|Any CPU
		{357AA770-593D-489C-A74B-7C6BF5ECF18B}.Debug|Any CPU.Build.0 = Debug|Any CPU
		{357AA770-593D-489C-A74B-7C6BF5ECF18B}.Release|Any CPU.ActiveCfg = Release|Any CPU
		{357AA770-593D-489C-A74B-7C6BF5ECF18B}.Release|Any CPU.Build.0 = Release|Any CPU
	EndGlobalSection
	GlobalSection(SolutionProperties) = preSolution
		HideSolutionNode = FALSE
	EndGlobalSection
	GlobalSection(ExtensibilityGlobals) = postSolution
		SolutionGuid = {4104823E-38BF-4C97-B24A-D49E51087DFB}
	EndGlobalSection
EndGlobal
