
Microsoft Visual Studio Solution File, Format Version 12.00
# Visual Studio 15
VisualStudioVersion = 15.0.28307.1321
MinimumVisualStudioVersion = 10.0.40219.1
Project("{FAE04EC0-301F-11D3-BF4B-00C04F79EFBC}") = "YapıcıConstructurMethotlar2", "YapıcıConstructurMethotlar2\YapıcıConstructurMethotlar2.csproj", "{FF7C6132-5438-430C-95F3-CC4B4ED17886}"
EndProject
Global
	GlobalSection(SolutionConfigurationPlatforms) = preSolution
		Debug|Any CPU = Debug|Any CPU
		Release|Any CPU = Release|Any CPU
	EndGlobalSection
	GlobalSection(ProjectConfigurationPlatforms) = postSolution
		{FF7C6132-5438-430C-95F3-CC4B4ED17886}.Debug|Any CPU.ActiveCfg = Debug|Any CPU
		{FF7C6132-5438-430C-95F3-CC4B4ED17886}.Debug|Any CPU.Build.0 = Debug|Any CPU
		{FF7C6132-5438-430C-95F3-CC4B4ED17886}.Release|Any CPU.ActiveCfg = Release|Any CPU
		{FF7C6132-5438-430C-95F3-CC4B4ED17886}.Release|Any CPU.Build.0 = Release|Any CPU
	EndGlobalSection
	GlobalSection(SolutionProperties) = preSolution
		HideSolutionNode = FALSE
	EndGlobalSection
	GlobalSection(ExtensibilityGlobals) = postSolution
		SolutionGuid = {E99CD6FD-5DCE-4172-8F36-96E831B1BF5A}
	EndGlobalSection
EndGlobal
