
Microsoft Visual Studio Solution File, Format Version 12.00
# Visual Studio 15
VisualStudioVersion = 15.0.28307.1321
MinimumVisualStudioVersion = 10.0.40219.1
Project("{FAE04EC0-301F-11D3-BF4B-00C04F79EFBC}") = "Diziler2.Ornek", "Diziler2.Ornek\Diziler2.Ornek.csproj", "{51071912-CD5B-487F-9329-73B66BFE4D43}"
EndProject
Global
	GlobalSection(SolutionConfigurationPlatforms) = preSolution
		Debug|Any CPU = Debug|Any CPU
		Release|Any CPU = Release|Any CPU
	EndGlobalSection
	GlobalSection(ProjectConfigurationPlatforms) = postSolution
		{51071912-CD5B-487F-9329-73B66BFE4D43}.Debug|Any CPU.ActiveCfg = Debug|Any CPU
		{51071912-CD5B-487F-9329-73B66BFE4D43}.Debug|Any CPU.Build.0 = Debug|Any CPU
		{51071912-CD5B-487F-9329-73B66BFE4D43}.Release|Any CPU.ActiveCfg = Release|Any CPU
		{51071912-CD5B-487F-9329-73B66BFE4D43}.Release|Any CPU.Build.0 = Release|Any CPU
	EndGlobalSection
	GlobalSection(SolutionProperties) = preSolution
		HideSolutionNode = FALSE
	EndGlobalSection
	GlobalSection(ExtensibilityGlobals) = postSolution
		SolutionGuid = {0652DA66-171F-4C1C-B051-D6CDE0272AAE}
	EndGlobalSection
EndGlobal
