
Microsoft Visual Studio Solution File, Format Version 12.00
# Visual Studio 15
VisualStudioVersion = 15.0.28307.1321
MinimumVisualStudioVersion = 10.0.40219.1
Project("{FAE04EC0-301F-11D3-BF4B-00C04F79EFBC}") = "WhileDoWhileDonguleri", "WhileDoWhileDonguleri\WhileDoWhileDonguleri.csproj", "{475F84E3-B1B1-43EE-AD7E-CEB5BE85A2FF}"
EndProject
Global
	GlobalSection(SolutionConfigurationPlatforms) = preSolution
		Debug|Any CPU = Debug|Any CPU
		Release|Any CPU = Release|Any CPU
	EndGlobalSection
	GlobalSection(ProjectConfigurationPlatforms) = postSolution
		{475F84E3-B1B1-43EE-AD7E-CEB5BE85A2FF}.Debug|Any CPU.ActiveCfg = Debug|Any CPU
		{475F84E3-B1B1-43EE-AD7E-CEB5BE85A2FF}.Debug|Any CPU.Build.0 = Debug|Any CPU
		{475F84E3-B1B1-43EE-AD7E-CEB5BE85A2FF}.Release|Any CPU.ActiveCfg = Release|Any CPU
		{475F84E3-B1B1-43EE-AD7E-CEB5BE85A2FF}.Release|Any CPU.Build.0 = Release|Any CPU
	EndGlobalSection
	GlobalSection(SolutionProperties) = preSolution
		HideSolutionNode = FALSE
	EndGlobalSection
	GlobalSection(ExtensibilityGlobals) = postSolution
		SolutionGuid = {7EA33C73-C62C-4749-AF8A-C1B384904B50}
	EndGlobalSection
EndGlobal
