
Microsoft Visual Studio Solution File, Format Version 12.00
# Visual Studio 15
VisualStudioVersion = 15.0.28307.1321
MinimumVisualStudioVersion = 10.0.40219.1
Project("{FAE04EC0-301F-11D3-BF4B-00C04F79EFBC}") = "ForeachOrnek", "ForeachOrnek\ForeachOrnek.csproj", "{46A9DB54-AE1B-43C0-B415-E571E071913A}"
EndProject
Global
	GlobalSection(SolutionConfigurationPlatforms) = preSolution
		Debug|Any CPU = Debug|Any CPU
		Release|Any CPU = Release|Any CPU
	EndGlobalSection
	GlobalSection(ProjectConfigurationPlatforms) = postSolution
		{46A9DB54-AE1B-43C0-B415-E571E071913A}.Debug|Any CPU.ActiveCfg = Debug|Any CPU
		{46A9DB54-AE1B-43C0-B415-E571E071913A}.Debug|Any CPU.Build.0 = Debug|Any CPU
		{46A9DB54-AE1B-43C0-B415-E571E071913A}.Release|Any CPU.ActiveCfg = Release|Any CPU
		{46A9DB54-AE1B-43C0-B415-E571E071913A}.Release|Any CPU.Build.0 = Release|Any CPU
	EndGlobalSection
	GlobalSection(SolutionProperties) = preSolution
		HideSolutionNode = FALSE
	EndGlobalSection
	GlobalSection(ExtensibilityGlobals) = postSolution
		SolutionGuid = {C69D0AD8-9FEA-4CD2-B8E7-EBAECB192883}
	EndGlobalSection
EndGlobal
