
Microsoft Visual Studio Solution File, Format Version 12.00
# Visual Studio 15
VisualStudioVersion = 15.0.28307.1300
MinimumVisualStudioVersion = 10.0.40219.1
Project("{FAE04EC0-301F-11D3-BF4B-00C04F79EFBC}") = "Ödev3Uygulama6", "Ödev3Uygulama6\Ödev3Uygulama6.csproj", "{282A8C7D-E6D3-4A1F-B141-893DAA1D0322}"
EndProject
Global
	GlobalSection(SolutionConfigurationPlatforms) = preSolution
		Debug|Any CPU = Debug|Any CPU
		Release|Any CPU = Release|Any CPU
	EndGlobalSection
	GlobalSection(ProjectConfigurationPlatforms) = postSolution
		{282A8C7D-E6D3-4A1F-B141-893DAA1D0322}.Debug|Any CPU.ActiveCfg = Debug|Any CPU
		{282A8C7D-E6D3-4A1F-B141-893DAA1D0322}.Debug|Any CPU.Build.0 = Debug|Any CPU
		{282A8C7D-E6D3-4A1F-B141-893DAA1D0322}.Release|Any CPU.ActiveCfg = Release|Any CPU
		{282A8C7D-E6D3-4A1F-B141-893DAA1D0322}.Release|Any CPU.Build.0 = Release|Any CPU
	EndGlobalSection
	GlobalSection(SolutionProperties) = preSolution
		HideSolutionNode = FALSE
	EndGlobalSection
	GlobalSection(ExtensibilityGlobals) = postSolution
		SolutionGuid = {32A3E789-09B9-4AF2-98A4-58FE023CCB71}
	EndGlobalSection
EndGlobal
