
Microsoft Visual Studio Solution File, Format Version 12.00
# Visual Studio 15
VisualStudioVersion = 15.0.28307.1321
MinimumVisualStudioVersion = 10.0.40219.1
Project("{FAE04EC0-301F-11D3-BF4B-00C04F79EFBC}") = "ProgressBarr_DownloadYuklemeCubuguTarzi", "ProgressBarr_DownloadYuklemeCubuguTarzi\ProgressBarr_DownloadYuklemeCubuguTarzi.csproj", "{3109F52E-1DD6-4DF1-B6DE-A44D76267ACC}"
EndProject
Global
	GlobalSection(SolutionConfigurationPlatforms) = preSolution
		Debug|Any CPU = Debug|Any CPU
		Release|Any CPU = Release|Any CPU
	EndGlobalSection
	GlobalSection(ProjectConfigurationPlatforms) = postSolution
		{3109F52E-1DD6-4DF1-B6DE-A44D76267ACC}.Debug|Any CPU.ActiveCfg = Debug|Any CPU
		{3109F52E-1DD6-4DF1-B6DE-A44D76267ACC}.Debug|Any CPU.Build.0 = Debug|Any CPU
		{3109F52E-1DD6-4DF1-B6DE-A44D76267ACC}.Release|Any CPU.ActiveCfg = Release|Any CPU
		{3109F52E-1DD6-4DF1-B6DE-A44D76267ACC}.Release|Any CPU.Build.0 = Release|Any CPU
	EndGlobalSection
	GlobalSection(SolutionProperties) = preSolution
		HideSolutionNode = FALSE
	EndGlobalSection
	GlobalSection(ExtensibilityGlobals) = postSolution
		SolutionGuid = {8B9A06A3-9254-4984-84B1-CCC9BEE4460B}
	EndGlobalSection
EndGlobal
