
Microsoft Visual Studio Solution File, Format Version 12.00
# Visual Studio 15
VisualStudioVersion = 15.0.28307.1321
MinimumVisualStudioVersion = 10.0.40219.1
Project("{FAE04EC0-301F-11D3-BF4B-00C04F79EFBC}") = "SQLilePersonelKayıt", "SQLilePersonelKayıt\SQLilePersonelKayıt.csproj", "{AA15500A-3DFC-4EA0-B1AF-444EA756558F}"
EndProject
Global
	GlobalSection(SolutionConfigurationPlatforms) = preSolution
		Debug|Any CPU = Debug|Any CPU
		Release|Any CPU = Release|Any CPU
	EndGlobalSection
	GlobalSection(ProjectConfigurationPlatforms) = postSolution
		{AA15500A-3DFC-4EA0-B1AF-444EA756558F}.Debug|Any CPU.ActiveCfg = Debug|Any CPU
		{AA15500A-3DFC-4EA0-B1AF-444EA756558F}.Debug|Any CPU.Build.0 = Debug|Any CPU
		{AA15500A-3DFC-4EA0-B1AF-444EA756558F}.Release|Any CPU.ActiveCfg = Release|Any CPU
		{AA15500A-3DFC-4EA0-B1AF-444EA756558F}.Release|Any CPU.Build.0 = Release|Any CPU
	EndGlobalSection
	GlobalSection(SolutionProperties) = preSolution
		HideSolutionNode = FALSE
	EndGlobalSection
	GlobalSection(ExtensibilityGlobals) = postSolution
		SolutionGuid = {F88E05AB-1C35-4870-9F67-B1B030258700}
	EndGlobalSection
EndGlobal
