
Microsoft Visual Studio Solution File, Format Version 12.00
# Visual Studio 15
VisualStudioVersion = 15.0.28307.1340
MinimumVisualStudioVersion = 10.0.40219.1
Project("{FAE04EC0-301F-11D3-BF4B-00C04F79EFBC}") = "ConsoleApp26", "ConsoleApp26\ConsoleApp26.csproj", "{8A315D5C-26D5-4D38-ACB1-49D86D99C062}"
EndProject
Global
	GlobalSection(SolutionConfigurationPlatforms) = preSolution
		Debug|Any CPU = Debug|Any CPU
		Release|Any CPU = Release|Any CPU
	EndGlobalSection
	GlobalSection(ProjectConfigurationPlatforms) = postSolution
		{8A315D5C-26D5-4D38-ACB1-49D86D99C062}.Debug|Any CPU.ActiveCfg = Debug|Any CPU
		{8A315D5C-26D5-4D38-ACB1-49D86D99C062}.Debug|Any CPU.Build.0 = Debug|Any CPU
		{8A315D5C-26D5-4D38-ACB1-49D86D99C062}.Release|Any CPU.ActiveCfg = Release|Any CPU
		{8A315D5C-26D5-4D38-ACB1-49D86D99C062}.Release|Any CPU.Build.0 = Release|Any CPU
	EndGlobalSection
	GlobalSection(SolutionProperties) = preSolution
		HideSolutionNode = FALSE
	EndGlobalSection
	GlobalSection(ExtensibilityGlobals) = postSolution
		SolutionGuid = {5091652B-4B15-42D3-88D4-7C6DC9F4915F}
	EndGlobalSection
EndGlobal
