
Microsoft Visual Studio Solution File, Format Version 12.00
# Visual Studio 15
VisualStudioVersion = 15.0.28307.1321
MinimumVisualStudioVersion = 10.0.40219.1
Project("{FAE04EC0-301F-11D3-BF4B-00C04F79EFBC}") = "Context_MenuStript", "Context_MenuStript\Context_MenuStript.csproj", "{D5339DB9-3103-441A-91AB-DECA14695DCA}"
EndProject
Global
	GlobalSection(SolutionConfigurationPlatforms) = preSolution
		Debug|Any CPU = Debug|Any CPU
		Release|Any CPU = Release|Any CPU
	EndGlobalSection
	GlobalSection(ProjectConfigurationPlatforms) = postSolution
		{D5339DB9-3103-441A-91AB-DECA14695DCA}.Debug|Any CPU.ActiveCfg = Debug|Any CPU
		{D5339DB9-3103-441A-91AB-DECA14695DCA}.Debug|Any CPU.Build.0 = Debug|Any CPU
		{D5339DB9-3103-441A-91AB-DECA14695DCA}.Release|Any CPU.ActiveCfg = Release|Any CPU
		{D5339DB9-3103-441A-91AB-DECA14695DCA}.Release|Any CPU.Build.0 = Release|Any CPU
	EndGlobalSection
	GlobalSection(SolutionProperties) = preSolution
		HideSolutionNode = FALSE
	EndGlobalSection
	GlobalSection(ExtensibilityGlobals) = postSolution
		SolutionGuid = {EAC011BE-E634-4F6A-8C6E-06A804039961}
	EndGlobalSection
EndGlobal
