
Microsoft Visual Studio Solution File, Format Version 12.00
# Visual Studio 15
VisualStudioVersion = 15.0.28307.1321
MinimumVisualStudioVersion = 10.0.40219.1
Project("{FAE04EC0-301F-11D3-BF4B-00C04F79EFBC}") = "FormlarArasiVeriGecisi", "FormlarArasiVeriGecisi\FormlarArasiVeriGecisi.csproj", "{EE49E399-3A76-4F8A-99A8-A1A9C135A0C7}"
EndProject
Global
	GlobalSection(SolutionConfigurationPlatforms) = preSolution
		Debug|Any CPU = Debug|Any CPU
		Release|Any CPU = Release|Any CPU
	EndGlobalSection
	GlobalSection(ProjectConfigurationPlatforms) = postSolution
		{EE49E399-3A76-4F8A-99A8-A1A9C135A0C7}.Debug|Any CPU.ActiveCfg = Debug|Any CPU
		{EE49E399-3A76-4F8A-99A8-A1A9C135A0C7}.Debug|Any CPU.Build.0 = Debug|Any CPU
		{EE49E399-3A76-4F8A-99A8-A1A9C135A0C7}.Release|Any CPU.ActiveCfg = Release|Any CPU
		{EE49E399-3A76-4F8A-99A8-A1A9C135A0C7}.Release|Any CPU.Build.0 = Release|Any CPU
	EndGlobalSection
	GlobalSection(SolutionProperties) = preSolution
		HideSolutionNode = FALSE
	EndGlobalSection
	GlobalSection(ExtensibilityGlobals) = postSolution
		SolutionGuid = {E07FD018-B071-4079-982D-AE0B2C37F56C}
	EndGlobalSection
EndGlobal
